
Microsoft Visual Studio Solution File, Format Version 12.00
# Visual Studio Version 16
VisualStudioVersion = 16.0.30114.105
MinimumVisualStudioVersion = 10.0.40219.1
Project("{8BC9CEB8-8B4A-11D0-8D11-00A0C91BC942}") = "Floyd", "Floyd.vcxproj", "{BD99219E-9020-4C79-B4AD-119670E4CF44}"
EndProject
Global
	GlobalSection(SolutionConfigurationPlatforms) = preSolution
		Debug|x64 = Debug|x64
		Debug|x86 = Debug|x86
		Release|x64 = Release|x64
		Release|x86 = Release|x86
	EndGlobalSection
	GlobalSection(ProjectConfigurationPlatforms) = postSolution
		{BD99219E-9020-4C79-B4AD-119670E4CF44}.Debug|x64.ActiveCfg = Debug|x64
		{BD99219E-9020-4C79-B4AD-119670E4CF44}.Debug|x64.Build.0 = Debug|x64
		{BD99219E-9020-4C79-B4AD-119670E4CF44}.Debug|x86.ActiveCfg = Debug|Win32
		{BD99219E-9020-4C79-B4AD-119670E4CF44}.Debug|x86.Build.0 = Debug|Win32
		{BD99219E-9020-4C79-B4AD-119670E4CF44}.Release|x64.ActiveCfg = Release|x64
		{BD99219E-9020-4C79-B4AD-119670E4CF44}.Release|x64.Build.0 = Release|x64
		{BD99219E-9020-4C79-B4AD-119670E4CF44}.Release|x86.ActiveCfg = Release|Win32
		{BD99219E-9020-4C79-B4AD-119670E4CF44}.Release|x86.Build.0 = Release|Win32
	EndGlobalSection
	GlobalSection(SolutionProperties) = preSolution
		HideSolutionNode = FALSE
	EndGlobalSection
	GlobalSection(ExtensibilityGlobals) = postSolution
		SolutionGuid = {97D8B1BA-29E0-4ACC-82D5-79F23C6DEB95}
	EndGlobalSection
EndGlobal
